
Microsoft Visual Studio Solution File, Format Version 12.00
# Visual Studio Version 17
VisualStudioVersion = 17.3.32901.215
MinimumVisualStudioVersion = 10.0.40219.1
Project("{FAE04EC0-301F-11D3-BF4B-00C04F79EFBC}") = "TRAVEL", "TRAVEL.csproj", "{B2CC07BB-4F62-415B-A7B9-AE2F091C8A5A}"
EndProject
Global
	GlobalSection(SolutionConfigurationPlatforms) = preSolution
		Debug|Any CPU = Debug|Any CPU
		Release|Any CPU = Release|Any CPU
	EndGlobalSection
	GlobalSection(ProjectConfigurationPlatforms) = postSolution
		{B2CC07BB-4F62-415B-A7B9-AE2F091C8A5A}.Debug|Any CPU.ActiveCfg = Debug|Any CPU
		{B2CC07BB-4F62-415B-A7B9-AE2F091C8A5A}.Debug|Any CPU.Build.0 = Debug|Any CPU
		{B2CC07BB-4F62-415B-A7B9-AE2F091C8A5A}.Release|Any CPU.ActiveCfg = Release|Any CPU
		{B2CC07BB-4F62-415B-A7B9-AE2F091C8A5A}.Release|Any CPU.Build.0 = Release|Any CPU
	EndGlobalSection
	GlobalSection(SolutionProperties) = preSolution
		HideSolutionNode = FALSE
	EndGlobalSection
	GlobalSection(ExtensibilityGlobals) = postSolution
		SolutionGuid = {4286FB3B-7BD7-4E51-BCFA-282BEEE029DC}
	EndGlobalSection
EndGlobal
